// !$*UTF8*$!
{
	archiveVersion = 1;
	classes = {
	};
	objectVersion = 46;
	objects = {

/* Begin PBXBuildFile section */
		AD4786A616DC5F590034C8C3 /* MenuViewController.m in Sources */ = {isa = PBXBuildFile; fileRef = AD4786A516DC5F590034C8C3 /* MenuViewController.m */; };
		AD76374516D647A4009C8C34 /* 17_puzzle.jpg in Resources */ = {isa = PBXBuildFile; fileRef = AD7636EF16D647A4009C8C34 /* 17_puzzle.jpg */; };
		AD76374616D647A4009C8C34 /* 17_puzzle_thumb.jpg in Resources */ = {isa = PBXBuildFile; fileRef = AD7636F016D647A4009C8C34 /* 17_puzzle_thumb.jpg */; };
		AD76374716D647A4009C8C34 /* 18_puzzle.jpg in Resources */ = {isa = PBXBuildFile; fileRef = AD7636F116D647A4009C8C34 /* 18_puzzle.jpg */; };
		AD76374816D647A4009C8C34 /* 18_puzzle_thumb.jpg in Resources */ = {isa = PBXBuildFile; fileRef = AD7636F216D647A4009C8C34 /* 18_puzzle_thumb.jpg */; };
		AD76374916D647A4009C8C34 /* 19_puzzle.jpg in Resources */ = {isa = PBXBuildFile; fileRef = AD7636F316D647A4009C8C34 /* 19_puzzle.jpg */; };
		AD76374A16D647A4009C8C34 /* 19_puzzle_thumb.jpg in Resources */ = {isa = PBXBuildFile; fileRef = AD7636F416D647A4009C8C34 /* 19_puzzle_thumb.jpg */; };
		AD76374B16D647A4009C8C34 /* 21_puzzle.jpg in Resources */ = {isa = PBXBuildFile; fileRef = AD7636F516D647A4009C8C34 /* 21_puzzle.jpg */; };
		AD76374C16D647A4009C8C34 /* 21_puzzle_thumb.jpg in Resources */ = {isa = PBXBuildFile; fileRef = AD7636F616D647A4009C8C34 /* 21_puzzle_thumb.jpg */; };
		AD76374D16D647A4009C8C34 /* 22_puzzle.jpg in Resources */ = {isa = PBXBuildFile; fileRef = AD7636F716D647A4009C8C34 /* 22_puzzle.jpg */; };
		AD76374E16D647A4009C8C34 /* 22_puzzle_thumb.jpg in Resources */ = {isa = PBXBuildFile; fileRef = AD7636F816D647A4009C8C34 /* 22_puzzle_thumb.jpg */; };
		AD76374F16D647A4009C8C34 /* 23_puzzle.jpg in Resources */ = {isa = PBXBuildFile; fileRef = AD7636F916D647A4009C8C34 /* 23_puzzle.jpg */; };
		AD76375016D647A4009C8C34 /* 23_puzzle_thumb.jpg in Resources */ = {isa = PBXBuildFile; fileRef = AD7636FA16D647A4009C8C34 /* 23_puzzle_thumb.jpg */; };
		AD76375116D647A4009C8C34 /* 25_puzzle.jpg in Resources */ = {isa = PBXBuildFile; fileRef = AD7636FB16D647A4009C8C34 /* 25_puzzle.jpg */; };
		AD76375216D647A4009C8C34 /* 25_puzzle_thumb.jpg in Resources */ = {isa = PBXBuildFile; fileRef = AD7636FC16D647A4009C8C34 /* 25_puzzle_thumb.jpg */; };
		AD76375316D647A4009C8C34 /* 26_puzzle.jpg in Resources */ = {isa = PBXBuildFile; fileRef = AD7636FD16D647A4009C8C34 /* 26_puzzle.jpg */; };
		AD76375416D647A4009C8C34 /* 26_puzzle_thumb.jpg in Resources */ = {isa = PBXBuildFile; fileRef = AD7636FE16D647A4009C8C34 /* 26_puzzle_thumb.jpg */; };
		AD76375516D647A4009C8C34 /* 27_puzzle.jpg in Resources */ = {isa = PBXBuildFile; fileRef = AD7636FF16D647A4009C8C34 /* 27_puzzle.jpg */; };
		AD76375616D647A4009C8C34 /* 27_puzzle_thumb.jpg in Resources */ = {isa = PBXBuildFile; fileRef = AD76370016D647A4009C8C34 /* 27_puzzle_thumb.jpg */; };
		AD76375716D647A4009C8C34 /* 28_puzzle.jpg in Resources */ = {isa = PBXBuildFile; fileRef = AD76370116D647A4009C8C34 /* 28_puzzle.jpg */; };
		AD76375816D647A4009C8C34 /* 28_puzzle_thumb.jpg in Resources */ = {isa = PBXBuildFile; fileRef = AD76370216D647A4009C8C34 /* 28_puzzle_thumb.jpg */; };
		AD76375916D647A4009C8C34 /* 2_puzzle.jpg in Resources */ = {isa = PBXBuildFile; fileRef = AD76370316D647A4009C8C34 /* 2_puzzle.jpg */; };
		AD76375A16D647A4009C8C34 /* 2_puzzle_thumb.jpg in Resources */ = {isa = PBXBuildFile; fileRef = AD76370416D647A4009C8C34 /* 2_puzzle_thumb.jpg */; };
		AD76375B16D647A4009C8C34 /* 32_puzzle.jpg in Resources */ = {isa = PBXBuildFile; fileRef = AD76370516D647A4009C8C34 /* 32_puzzle.jpg */; };
		AD76375C16D647A4009C8C34 /* 32_puzzle_thumb.jpg in Resources */ = {isa = PBXBuildFile; fileRef = AD76370616D647A4009C8C34 /* 32_puzzle_thumb.jpg */; };
		AD76375D16D647A4009C8C34 /* 33_puzzle.jpg in Resources */ = {isa = PBXBuildFile; fileRef = AD76370716D647A4009C8C34 /* 33_puzzle.jpg */; };
		AD76375E16D647A4009C8C34 /* 33_puzzle_thumb.jpg in Resources */ = {isa = PBXBuildFile; fileRef = AD76370816D647A4009C8C34 /* 33_puzzle_thumb.jpg */; };
		AD76375F16D647A4009C8C34 /* 34_puzzle.jpg in Resources */ = {isa = PBXBuildFile; fileRef = AD76370916D647A4009C8C34 /* 34_puzzle.jpg */; };
		AD76376016D647A4009C8C34 /* 34_puzzle_thumb.jpg in Resources */ = {isa = PBXBuildFile; fileRef = AD76370A16D647A4009C8C34 /* 34_puzzle_thumb.jpg */; };
		AD76376116D647A4009C8C34 /* 39_puzzle.jpg in Resources */ = {isa = PBXBuildFile; fileRef = AD76370B16D647A4009C8C34 /* 39_puzzle.jpg */; };
		AD76376216D647A4009C8C34 /* 39_puzzle_thumb.jpg in Resources */ = {isa = PBXBuildFile; fileRef = AD76370C16D647A4009C8C34 /* 39_puzzle_thumb.jpg */; };
		AD76376316D647A4009C8C34 /* 3_puzzle.jpg in Resources */ = {isa = PBXBuildFile; fileRef = AD76370D16D647A4009C8C34 /* 3_puzzle.jpg */; };
		AD76376416D647A4009C8C34 /* 3_puzzle_thumb.jpg in Resources */ = {isa = PBXBuildFile; fileRef = AD76370E16D647A4009C8C34 /* 3_puzzle_thumb.jpg */; };
		AD76376516D647A4009C8C34 /* 41_puzzle.jpg in Resources */ = {isa = PBXBuildFile; fileRef = AD76370F16D647A4009C8C34 /* 41_puzzle.jpg */; };
		AD76376616D647A4009C8C34 /* 41_puzzle_thumb.jpg in Resources */ = {isa = PBXBuildFile; fileRef = AD76371016D647A4009C8C34 /* 41_puzzle_thumb.jpg */; };
		AD76376716D647A4009C8C34 /* 43_puzzle.jpg in Resources */ = {isa = PBXBuildFile; fileRef = AD76371116D647A4009C8C34 /* 43_puzzle.jpg */; };
		AD76376816D647A4009C8C34 /* 43_puzzle_thumb.jpg in Resources */ = {isa = PBXBuildFile; fileRef = AD76371216D647A4009C8C34 /* 43_puzzle_thumb.jpg */; };
		AD76376916D647A4009C8C34 /* 44_puzzle.jpg in Resources */ = {isa = PBXBuildFile; fileRef = AD76371316D647A4009C8C34 /* 44_puzzle.jpg */; };
		AD76376A16D647A4009C8C34 /* 44_puzzle_thumb.jpg in Resources */ = {isa = PBXBuildFile; fileRef = AD76371416D647A4009C8C34 /* 44_puzzle_thumb.jpg */; };
		AD76376B16D647A4009C8C34 /* 45_puzzle.jpg in Resources */ = {isa = PBXBuildFile; fileRef = AD76371516D647A4009C8C34 /* 45_puzzle.jpg */; };
		AD76376C16D647A4009C8C34 /* 45_puzzle_thumb.jpg in Resources */ = {isa = PBXBuildFile; fileRef = AD76371616D647A4009C8C34 /* 45_puzzle_thumb.jpg */; };
		AD76376D16D647A4009C8C34 /* 48_puzzle.png in Resources */ = {isa = PBXBuildFile; fileRef = AD76371716D647A4009C8C34 /* 48_puzzle.png */; };
		AD76376E16D647A4009C8C34 /* 48_puzzle_thumb.png in Resources */ = {isa = PBXBuildFile; fileRef = AD76371816D647A4009C8C34 /* 48_puzzle_thumb.png */; };
		AD76376F16D647A4009C8C34 /* 4_puzzle.jpg in Resources */ = {isa = PBXBuildFile; fileRef = AD76371916D647A4009C8C34 /* 4_puzzle.jpg */; };
		AD76377016D647A4009C8C34 /* 4_puzzle_thumb.jpg in Resources */ = {isa = PBXBuildFile; fileRef = AD76371A16D647A4009C8C34 /* 4_puzzle_thumb.jpg */; };
		AD76377116D647A4009C8C34 /* 53_puzzle.jpg in Resources */ = {isa = PBXBuildFile; fileRef = AD76371B16D647A4009C8C34 /* 53_puzzle.jpg */; };
		AD76377216D647A4009C8C34 /* 53_puzzle_thumb.jpg in Resources */ = {isa = PBXBuildFile; fileRef = AD76371C16D647A4009C8C34 /* 53_puzzle_thumb.jpg */; };
		AD76377316D647A4009C8C34 /* 54_puzzle.jpg in Resources */ = {isa = PBXBuildFile; fileRef = AD76371D16D647A4009C8C34 /* 54_puzzle.jpg */; };
		AD76377416D647A4009C8C34 /* 54_puzzle_thumb.jpg in Resources */ = {isa = PBXBuildFile; fileRef = AD76371E16D647A4009C8C34 /* 54_puzzle_thumb.jpg */; };
		AD76377516D647A4009C8C34 /* 55_puzzle.jpg in Resources */ = {isa = PBXBuildFile; fileRef = AD76371F16D647A4009C8C34 /* 55_puzzle.jpg */; };
		AD76377616D647A4009C8C34 /* 55_puzzle_thumb.jpg in Resources */ = {isa = PBXBuildFile; fileRef = AD76372016D647A4009C8C34 /* 55_puzzle_thumb.jpg */; };
		AD76377716D647A4009C8C34 /* 56_puzzle.jpg in Resources */ = {isa = PBXBuildFile; fileRef = AD76372116D647A4009C8C34 /* 56_puzzle.jpg */; };
		AD76377816D647A4009C8C34 /* 56_puzzle_thumb.jpg in Resources */ = {isa = PBXBuildFile; fileRef = AD76372216D647A4009C8C34 /* 56_puzzle_thumb.jpg */; };
		AD76377916D647A4009C8C34 /* 57_puzzle.jpg in Resources */ = {isa = PBXBuildFile; fileRef = AD76372316D647A4009C8C34 /* 57_puzzle.jpg */; };
		AD76377A16D647A4009C8C34 /* 57_puzzle_thumb.jpg in Resources */ = {isa = PBXBuildFile; fileRef = AD76372416D647A4009C8C34 /* 57_puzzle_thumb.jpg */; };
		AD76377B16D647A4009C8C34 /* 58_puzzle.jpg in Resources */ = {isa = PBXBuildFile; fileRef = AD76372516D647A4009C8C34 /* 58_puzzle.jpg */; };
		AD76377C16D647A4009C8C34 /* 58_puzzle_thumb.jpg in Resources */ = {isa = PBXBuildFile; fileRef = AD76372616D647A4009C8C34 /* 58_puzzle_thumb.jpg */; };
		AD76377D16D647A4009C8C34 /* 62_puzzle.jpg in Resources */ = {isa = PBXBuildFile; fileRef = AD76372716D647A4009C8C34 /* 62_puzzle.jpg */; };
		AD76377E16D647A4009C8C34 /* 62_puzzle_thumb.jpg in Resources */ = {isa = PBXBuildFile; fileRef = AD76372816D647A4009C8C34 /* 62_puzzle_thumb.jpg */; };
		AD76377F16D647A4009C8C34 /* 64_puzzle.jpg in Resources */ = {isa = PBXBuildFile; fileRef = AD76372916D647A4009C8C34 /* 64_puzzle.jpg */; };
		AD76378016D647A4009C8C34 /* 64_puzzle_thumb.jpg in Resources */ = {isa = PBXBuildFile; fileRef = AD76372A16D647A4009C8C34 /* 64_puzzle_thumb.jpg */; };
		AD76378116D647A4009C8C34 /* 69_puzzle.jpg in Resources */ = {isa = PBXBuildFile; fileRef = AD76372B16D647A4009C8C34 /* 69_puzzle.jpg */; };
		AD76378216D647A4009C8C34 /* 69_puzzle_thumb.jpg in Resources */ = {isa = PBXBuildFile; fileRef = AD76372C16D647A4009C8C34 /* 69_puzzle_thumb.jpg */; };
		AD76378316D647A4009C8C34 /* 70_puzzle.jpg in Resources */ = {isa = PBXBuildFile; fileRef = AD76372D16D647A4009C8C34 /* 70_puzzle.jpg */; };
		AD76378416D647A4009C8C34 /* 70_puzzle_thumb.jpg in Resources */ = {isa = PBXBuildFile; fileRef = AD76372E16D647A4009C8C34 /* 70_puzzle_thumb.jpg */; };
		AD76378516D647A4009C8C34 /* 71_puzzle.jpg in Resources */ = {isa = PBXBuildFile; fileRef = AD76372F16D647A4009C8C34 /* 71_puzzle.jpg */; };
		AD76378616D647A4009C8C34 /* 71_puzzle_thumb.jpg in Resources */ = {isa = PBXBuildFile; fileRef = AD76373016D647A4009C8C34 /* 71_puzzle_thumb.jpg */; };
		AD76378716D647A4009C8C34 /* 72_puzzle.jpg in Resources */ = {isa = PBXBuildFile; fileRef = AD76373116D647A4009C8C34 /* 72_puzzle.jpg */; };
		AD76378816D647A4009C8C34 /* 72_puzzle_thumb.jpg in Resources */ = {isa = PBXBuildFile; fileRef = AD76373216D647A4009C8C34 /* 72_puzzle_thumb.jpg */; };
		AD76378916D647A4009C8C34 /* 74_puzzle.jpg in Resources */ = {isa = PBXBuildFile; fileRef = AD76373316D647A4009C8C34 /* 74_puzzle.jpg */; };
		AD76378A16D647A4009C8C34 /* 74_puzzle_thumb.jpg in Resources */ = {isa = PBXBuildFile; fileRef = AD76373416D647A4009C8C34 /* 74_puzzle_thumb.jpg */; };
		AD76378B16D647A4009C8C34 /* 77_puzzle.jpg in Resources */ = {isa = PBXBuildFile; fileRef = AD76373516D647A4009C8C34 /* 77_puzzle.jpg */; };
		AD76378C16D647A4009C8C34 /* 77_puzzle_thumb.jpg in Resources */ = {isa = PBXBuildFile; fileRef = AD76373616D647A4009C8C34 /* 77_puzzle_thumb.jpg */; };
		AD76378D16D647A4009C8C34 /* 78_puzzle.jpg in Resources */ = {isa = PBXBuildFile; fileRef = AD76373716D647A4009C8C34 /* 78_puzzle.jpg */; };
		AD76378E16D647A4009C8C34 /* 78_puzzle_thumb.jpg in Resources */ = {isa = PBXBuildFile; fileRef = AD76373816D647A4009C8C34 /* 78_puzzle_thumb.jpg */; };
		AD76378F16D647A4009C8C34 /* 79_puzzle.jpg in Resources */ = {isa = PBXBuildFile; fileRef = AD76373916D647A4009C8C34 /* 79_puzzle.jpg */; };
		AD76379016D647A4009C8C34 /* 79_puzzle_thumb.jpg in Resources */ = {isa = PBXBuildFile; fileRef = AD76373A16D647A4009C8C34 /* 79_puzzle_thumb.jpg */; };
		AD76379116D647A4009C8C34 /* 81_puzzle.jpg in Resources */ = {isa = PBXBuildFile; fileRef = AD76373B16D647A4009C8C34 /* 81_puzzle.jpg */; };
		AD76379216D647A4009C8C34 /* 81_puzzle_thumb.jpg in Resources */ = {isa = PBXBuildFile; fileRef = AD76373C16D647A4009C8C34 /* 81_puzzle_thumb.jpg */; };
		AD76379316D647A4009C8C34 /* 83_puzzle.jpg in Resources */ = {isa = PBXBuildFile; fileRef = AD76373D16D647A4009C8C34 /* 83_puzzle.jpg */; };
		AD76379416D647A4009C8C34 /* 83_puzzle_thumb.jpg in Resources */ = {isa = PBXBuildFile; fileRef = AD76373E16D647A4009C8C34 /* 83_puzzle_thumb.jpg */; };
		AD76379516D647A4009C8C34 /* 84_puzzle.jpg in Resources */ = {isa = PBXBuildFile; fileRef = AD76373F16D647A4009C8C34 /* 84_puzzle.jpg */; };
		AD76379616D647A4009C8C34 /* 84_puzzle_thumb.jpg in Resources */ = {isa = PBXBuildFile; fileRef = AD76374016D647A4009C8C34 /* 84_puzzle_thumb.jpg */; };
		AD76379716D647A4009C8C34 /* 85_puzzle.jpg in Resources */ = {isa = PBXBuildFile; fileRef = AD76374116D647A4009C8C34 /* 85_puzzle.jpg */; };
		AD76379816D647A4009C8C34 /* 85_puzzle_thumb.jpg in Resources */ = {isa = PBXBuildFile; fileRef = AD76374216D647A4009C8C34 /* 85_puzzle_thumb.jpg */; };
		AD76379916D647A4009C8C34 /* Amsterdam bikes_puzzle.jpg in Resources */ = {isa = PBXBuildFile; fileRef = AD76374316D647A4009C8C34 /* Amsterdam bikes_puzzle.jpg */; };
		AD76379A16D647A4009C8C34 /* Amsterdam bikes_puzzle_thumb.jpg in Resources */ = {isa = PBXBuildFile; fileRef = AD76374416D647A4009C8C34 /* Amsterdam bikes_puzzle_thumb.jpg */; };
		ADC0C23D16D62E0E00321E43 /* TapToChooseMoreController.m in Sources */ = {isa = PBXBuildFile; fileRef = ADC0C23C16D62E0E00321E43 /* TapToChooseMoreController.m */; };
		ADC0C24416D63C4100321E43 /* pink-hearts.png in Resources */ = {isa = PBXBuildFile; fileRef = ADC0C24216D63C4100321E43 /* pink-hearts.png */; };
		ADC0C24516D63C4100321E43 /* pink-hearts@2x.png in Resources */ = {isa = PBXBuildFile; fileRef = ADC0C24316D63C4100321E43 /* pink-hearts@2x.png */; };
		ADC0C24816D6402D00321E43 /* PuzzleLibraryController.m in Sources */ = {isa = PBXBuildFile; fileRef = ADC0C24716D6402D00321E43 /* PuzzleLibraryController.m */; };
		ADD8236916CCA5A10000671B /* UIKit.framework in Frameworks */ = {isa = PBXBuildFile; fileRef = ADD8236816CCA5A10000671B /* UIKit.framework */; };
		ADD8236B16CCA5A10000671B /* Foundation.framework in Frameworks */ = {isa = PBXBuildFile; fileRef = ADD8236A16CCA5A10000671B /* Foundation.framework */; };
		ADD8236D16CCA5A10000671B /* CoreGraphics.framework in Frameworks */ = {isa = PBXBuildFile; fileRef = ADD8236C16CCA5A10000671B /* CoreGraphics.framework */; };
		ADD8237316CCA5A10000671B /* InfoPlist.strings in Resources */ = {isa = PBXBuildFile; fileRef = ADD8237116CCA5A10000671B /* InfoPlist.strings */; };
		ADD8237516CCA5A10000671B /* main.m in Sources */ = {isa = PBXBuildFile; fileRef = ADD8237416CCA5A10000671B /* main.m */; };
		ADD8237916CCA5A10000671B /* AppDelegate.m in Sources */ = {isa = PBXBuildFile; fileRef = ADD8237816CCA5A10000671B /* AppDelegate.m */; };
		ADD8237B16CCA5A20000671B /* Default.png in Resources */ = {isa = PBXBuildFile; fileRef = ADD8237A16CCA5A20000671B /* Default.png */; };
		ADD8237D16CCA5A20000671B /* Default@2x.png in Resources */ = {isa = PBXBuildFile; fileRef = ADD8237C16CCA5A20000671B /* Default@2x.png */; };
		ADD8237F16CCA5A20000671B /* Default-568h@2x.png in Resources */ = {isa = PBXBuildFile; fileRef = ADD8237E16CCA5A20000671B /* Default-568h@2x.png */; };
		ADD8238216CCA5A20000671B /* MainStoryboard.storyboard in Resources */ = {isa = PBXBuildFile; fileRef = ADD8238016CCA5A20000671B /* MainStoryboard.storyboard */; };
		ADD8238516CCA5A20000671B /* ViewController.m in Sources */ = {isa = PBXBuildFile; fileRef = ADD8238416CCA5A20000671B /* ViewController.m */; };
		ADD8238C16CCA5CC0000671B /* AVFoundation.framework in Frameworks */ = {isa = PBXBuildFile; fileRef = ADD8238B16CCA5CC0000671B /* AVFoundation.framework */; };
		ADD8239516CCA6090000671B /* UIImage+Resize.m in Sources */ = {isa = PBXBuildFile; fileRef = ADD8239016CCA6090000671B /* UIImage+Resize.m */; settings = {COMPILER_FLAGS = "-fno-objc-arc"; }; };
		ADD8239616CCA6090000671B /* IAPuzzleBoard.m in Sources */ = {isa = PBXBuildFile; fileRef = ADD8239216CCA6090000671B /* IAPuzzleBoard.m */; settings = {COMPILER_FLAGS = "-fno-objc-arc"; }; };
		ADD8239716CCA6090000671B /* IAPuzzleBoardView.m in Sources */ = {isa = PBXBuildFile; fileRef = ADD8239416CCA6090000671B /* IAPuzzleBoardView.m */; settings = {COMPILER_FLAGS = "-fno-objc-arc"; }; };
		ADD8239E16CCA6A90000671B /* board.png in Resources */ = {isa = PBXBuildFile; fileRef = ADD8239816CCA6A90000671B /* board.png */; };
		ADD8239F16CCA6A90000671B /* board@2x.png in Resources */ = {isa = PBXBuildFile; fileRef = ADD8239916CCA6A90000671B /* board@2x.png */; };
		ADD823A016CCA6A90000671B /* boardFrame.png in Resources */ = {isa = PBXBuildFile; fileRef = ADD8239A16CCA6A90000671B /* boardFrame.png */; };
		ADD823A116CCA6A90000671B /* boardFrame@2x.png in Resources */ = {isa = PBXBuildFile; fileRef = ADD8239B16CCA6A90000671B /* boardFrame@2x.png */; };
		ADD823A216CCA6A90000671B /* ff.png in Resources */ = {isa = PBXBuildFile; fileRef = ADD8239C16CCA6A90000671B /* ff.png */; };
		ADD823A316CCA6A90000671B /* ff@2x.png in Resources */ = {isa = PBXBuildFile; fileRef = ADD8239D16CCA6A90000671B /* ff@2x.png */; };
		ADD823A916CD06930000671B /* SEFilterControl.m in Sources */ = {isa = PBXBuildFile; fileRef = ADD823A616CD06930000671B /* SEFilterControl.m */; settings = {COMPILER_FLAGS = "-fno-objc-arc"; }; };
		ADD823AA16CD06930000671B /* SEFilterKnob.m in Sources */ = {isa = PBXBuildFile; fileRef = ADD823A816CD06930000671B /* SEFilterKnob.m */; settings = {COMPILER_FLAGS = "-fno-objc-arc"; }; };
		ADD823AE16CD07120000671B /* SharedData.m in Sources */ = {isa = PBXBuildFile; fileRef = ADD823AD16CD07120000671B /* SharedData.m */; };
		ADD823B216CD087A0000671B /* Animations.m in Sources */ = {isa = PBXBuildFile; fileRef = ADD823B116CD08790000671B /* Animations.m */; };
		ADD823B516CD0E330000671B /* README.rst in Resources */ = {isa = PBXBuildFile; fileRef = ADD823B416CD0E330000671B /* README.rst */; };
/* End PBXBuildFile section */

/* Begin PBXFileReference section */
		AD4786A416DC5F590034C8C3 /* MenuViewController.h */ = {isa = PBXFileReference; fileEncoding = 4; lastKnownFileType = sourcecode.c.h; path = MenuViewController.h; sourceTree = "<group>"; };
		AD4786A516DC5F590034C8C3 /* MenuViewController.m */ = {isa = PBXFileReference; fileEncoding = 4; lastKnownFileType = sourcecode.c.objc; path = MenuViewController.m; sourceTree = "<group>"; };
		AD7636EF16D647A4009C8C34 /* 17_puzzle.jpg */ = {isa = PBXFileReference; lastKnownFileType = image.jpeg; path = 17_puzzle.jpg; sourceTree = "<group>"; };
		AD7636F016D647A4009C8C34 /* 17_puzzle_thumb.jpg */ = {isa = PBXFileReference; lastKnownFileType = image.jpeg; path = 17_puzzle_thumb.jpg; sourceTree = "<group>"; };
		AD7636F116D647A4009C8C34 /* 18_puzzle.jpg */ = {isa = PBXFileReference; lastKnownFileType = image.jpeg; path = 18_puzzle.jpg; sourceTree = "<group>"; };
		AD7636F216D647A4009C8C34 /* 18_puzzle_thumb.jpg */ = {isa = PBXFileReference; lastKnownFileType = image.jpeg; path = 18_puzzle_thumb.jpg; sourceTree = "<group>"; };
		AD7636F316D647A4009C8C34 /* 19_puzzle.jpg */ = {isa = PBXFileReference; lastKnownFileType = image.jpeg; path = 19_puzzle.jpg; sourceTree = "<group>"; };
		AD7636F416D647A4009C8C34 /* 19_puzzle_thumb.jpg */ = {isa = PBXFileReference; lastKnownFileType = image.jpeg; path = 19_puzzle_thumb.jpg; sourceTree = "<group>"; };
		AD7636F516D647A4009C8C34 /* 21_puzzle.jpg */ = {isa = PBXFileReference; lastKnownFileType = image.jpeg; path = 21_puzzle.jpg; sourceTree = "<group>"; };
		AD7636F616D647A4009C8C34 /* 21_puzzle_thumb.jpg */ = {isa = PBXFileReference; lastKnownFileType = image.jpeg; path = 21_puzzle_thumb.jpg; sourceTree = "<group>"; };
		AD7636F716D647A4009C8C34 /* 22_puzzle.jpg */ = {isa = PBXFileReference; lastKnownFileType = image.jpeg; path = 22_puzzle.jpg; sourceTree = "<group>"; };
		AD7636F816D647A4009C8C34 /* 22_puzzle_thumb.jpg */ = {isa = PBXFileReference; lastKnownFileType = image.jpeg; path = 22_puzzle_thumb.jpg; sourceTree = "<group>"; };
		AD7636F916D647A4009C8C34 /* 23_puzzle.jpg */ = {isa = PBXFileReference; lastKnownFileType = image.jpeg; path = 23_puzzle.jpg; sourceTree = "<group>"; };
		AD7636FA16D647A4009C8C34 /* 23_puzzle_thumb.jpg */ = {isa = PBXFileReference; lastKnownFileType = image.jpeg; path = 23_puzzle_thumb.jpg; sourceTree = "<group>"; };
		AD7636FB16D647A4009C8C34 /* 25_puzzle.jpg */ = {isa = PBXFileReference; lastKnownFileType = image.jpeg; path = 25_puzzle.jpg; sourceTree = "<group>"; };
		AD7636FC16D647A4009C8C34 /* 25_puzzle_thumb.jpg */ = {isa = PBXFileReference; lastKnownFileType = image.jpeg; path = 25_puzzle_thumb.jpg; sourceTree = "<group>"; };
		AD7636FD16D647A4009C8C34 /* 26_puzzle.jpg */ = {isa = PBXFileReference; lastKnownFileType = image.jpeg; path = 26_puzzle.jpg; sourceTree = "<group>"; };
		AD7636FE16D647A4009C8C34 /* 26_puzzle_thumb.jpg */ = {isa = PBXFileReference; lastKnownFileType = image.jpeg; path = 26_puzzle_thumb.jpg; sourceTree = "<group>"; };
		AD7636FF16D647A4009C8C34 /* 27_puzzle.jpg */ = {isa = PBXFileReference; lastKnownFileType = image.jpeg; path = 27_puzzle.jpg; sourceTree = "<group>"; };
		AD76370016D647A4009C8C34 /* 27_puzzle_thumb.jpg */ = {isa = PBXFileReference; lastKnownFileType = image.jpeg; path = 27_puzzle_thumb.jpg; sourceTree = "<group>"; };
		AD76370116D647A4009C8C34 /* 28_puzzle.jpg */ = {isa = PBXFileReference; lastKnownFileType = image.jpeg; path = 28_puzzle.jpg; sourceTree = "<group>"; };
		AD76370216D647A4009C8C34 /* 28_puzzle_thumb.jpg */ = {isa = PBXFileReference; lastKnownFileType = image.jpeg; path = 28_puzzle_thumb.jpg; sourceTree = "<group>"; };
		AD76370316D647A4009C8C34 /* 2_puzzle.jpg */ = {isa = PBXFileReference; lastKnownFileType = image.jpeg; path = 2_puzzle.jpg; sourceTree = "<group>"; };
		AD76370416D647A4009C8C34 /* 2_puzzle_thumb.jpg */ = {isa = PBXFileReference; lastKnownFileType = image.jpeg; path = 2_puzzle_thumb.jpg; sourceTree = "<group>"; };
		AD76370516D647A4009C8C34 /* 32_puzzle.jpg */ = {isa = PBXFileReference; lastKnownFileType = image.jpeg; path = 32_puzzle.jpg; sourceTree = "<group>"; };
		AD76370616D647A4009C8C34 /* 32_puzzle_thumb.jpg */ = {isa = PBXFileReference; lastKnownFileType = image.jpeg; path = 32_puzzle_thumb.jpg; sourceTree = "<group>"; };
		AD76370716D647A4009C8C34 /* 33_puzzle.jpg */ = {isa = PBXFileReference; lastKnownFileType = image.jpeg; path = 33_puzzle.jpg; sourceTree = "<group>"; };
		AD76370816D647A4009C8C34 /* 33_puzzle_thumb.jpg */ = {isa = PBXFileReference; lastKnownFileType = image.jpeg; path = 33_puzzle_thumb.jpg; sourceTree = "<group>"; };
		AD76370916D647A4009C8C34 /* 34_puzzle.jpg */ = {isa = PBXFileReference; lastKnownFileType = image.jpeg; path = 34_puzzle.jpg; sourceTree = "<group>"; };
		AD76370A16D647A4009C8C34 /* 34_puzzle_thumb.jpg */ = {isa = PBXFileReference; lastKnownFileType = image.jpeg; path = 34_puzzle_thumb.jpg; sourceTree = "<group>"; };
		AD76370B16D647A4009C8C34 /* 39_puzzle.jpg */ = {isa = PBXFileReference; lastKnownFileType = image.jpeg; path = 39_puzzle.jpg; sourceTree = "<group>"; };
		AD76370C16D647A4009C8C34 /* 39_puzzle_thumb.jpg */ = {isa = PBXFileReference; lastKnownFileType = image.jpeg; path = 39_puzzle_thumb.jpg; sourceTree = "<group>"; };
		AD76370D16D647A4009C8C34 /* 3_puzzle.jpg */ = {isa = PBXFileReference; lastKnownFileType = image.jpeg; path = 3_puzzle.jpg; sourceTree = "<group>"; };
		AD76370E16D647A4009C8C34 /* 3_puzzle_thumb.jpg */ = {isa = PBXFileReference; lastKnownFileType = image.jpeg; path = 3_puzzle_thumb.jpg; sourceTree = "<group>"; };
		AD76370F16D647A4009C8C34 /* 41_puzzle.jpg */ = {isa = PBXFileReference; lastKnownFileType = image.jpeg; path = 41_puzzle.jpg; sourceTree = "<group>"; };
		AD76371016D647A4009C8C34 /* 41_puzzle_thumb.jpg */ = {isa = PBXFileReference; lastKnownFileType = image.jpeg; path = 41_puzzle_thumb.jpg; sourceTree = "<group>"; };
		AD76371116D647A4009C8C34 /* 43_puzzle.jpg */ = {isa = PBXFileReference; lastKnownFileType = image.jpeg; path = 43_puzzle.jpg; sourceTree = "<group>"; };
		AD76371216D647A4009C8C34 /* 43_puzzle_thumb.jpg */ = {isa = PBXFileReference; lastKnownFileType = image.jpeg; path = 43_puzzle_thumb.jpg; sourceTree = "<group>"; };
		AD76371316D647A4009C8C34 /* 44_puzzle.jpg */ = {isa = PBXFileReference; lastKnownFileType = image.jpeg; path = 44_puzzle.jpg; sourceTree = "<group>"; };
		AD76371416D647A4009C8C34 /* 44_puzzle_thumb.jpg */ = {isa = PBXFileReference; lastKnownFileType = image.jpeg; path = 44_puzzle_thumb.jpg; sourceTree = "<group>"; };
		AD76371516D647A4009C8C34 /* 45_puzzle.jpg */ = {isa = PBXFileReference; lastKnownFileType = image.jpeg; path = 45_puzzle.jpg; sourceTree = "<group>"; };
		AD76371616D647A4009C8C34 /* 45_puzzle_thumb.jpg */ = {isa = PBXFileReference; lastKnownFileType = image.jpeg; path = 45_puzzle_thumb.jpg; sourceTree = "<group>"; };
		AD76371716D647A4009C8C34 /* 48_puzzle.png */ = {isa = PBXFileReference; lastKnownFileType = image.png; path = 48_puzzle.png; sourceTree = "<group>"; };
		AD76371816D647A4009C8C34 /* 48_puzzle_thumb.png */ = {isa = PBXFileReference; lastKnownFileType = image.png; path = 48_puzzle_thumb.png; sourceTree = "<group>"; };
		AD76371916D647A4009C8C34 /* 4_puzzle.jpg */ = {isa = PBXFileReference; lastKnownFileType = image.jpeg; path = 4_puzzle.jpg; sourceTree = "<group>"; };
		AD76371A16D647A4009C8C34 /* 4_puzzle_thumb.jpg */ = {isa = PBXFileReference; lastKnownFileType = image.jpeg; path = 4_puzzle_thumb.jpg; sourceTree = "<group>"; };
		AD76371B16D647A4009C8C34 /* 53_puzzle.jpg */ = {isa = PBXFileReference; lastKnownFileType = image.jpeg; path = 53_puzzle.jpg; sourceTree = "<group>"; };
		AD76371C16D647A4009C8C34 /* 53_puzzle_thumb.jpg */ = {isa = PBXFileReference; lastKnownFileType = image.jpeg; path = 53_puzzle_thumb.jpg; sourceTree = "<group>"; };
		AD76371D16D647A4009C8C34 /* 54_puzzle.jpg */ = {isa = PBXFileReference; lastKnownFileType = image.jpeg; path = 54_puzzle.jpg; sourceTree = "<group>"; };
		AD76371E16D647A4009C8C34 /* 54_puzzle_thumb.jpg */ = {isa = PBXFileReference; lastKnownFileType = image.jpeg; path = 54_puzzle_thumb.jpg; sourceTree = "<group>"; };
		AD76371F16D647A4009C8C34 /* 55_puzzle.jpg */ = {isa = PBXFileReference; lastKnownFileType = image.jpeg; path = 55_puzzle.jpg; sourceTree = "<group>"; };
		AD76372016D647A4009C8C34 /* 55_puzzle_thumb.jpg */ = {isa = PBXFileReference; lastKnownFileType = image.jpeg; path = 55_puzzle_thumb.jpg; sourceTree = "<group>"; };
		AD76372116D647A4009C8C34 /* 56_puzzle.jpg */ = {isa = PBXFileReference; lastKnownFileType = image.jpeg; path = 56_puzzle.jpg; sourceTree = "<group>"; };
		AD76372216D647A4009C8C34 /* 56_puzzle_thumb.jpg */ = {isa = PBXFileReference; lastKnownFileType = image.jpeg; path = 56_puzzle_thumb.jpg; sourceTree = "<group>"; };
		AD76372316D647A4009C8C34 /* 57_puzzle.jpg */ = {isa = PBXFileReference; lastKnownFileType = image.jpeg; path = 57_puzzle.jpg; sourceTree = "<group>"; };
		AD76372416D647A4009C8C34 /* 57_puzzle_thumb.jpg */ = {isa = PBXFileReference; lastKnownFileType = image.jpeg; path = 57_puzzle_thumb.jpg; sourceTree = "<group>"; };
		AD76372516D647A4009C8C34 /* 58_puzzle.jpg */ = {isa = PBXFileReference; lastKnownFileType = image.jpeg; path = 58_puzzle.jpg; sourceTree = "<group>"; };
		AD76372616D647A4009C8C34 /* 58_puzzle_thumb.jpg */ = {isa = PBXFileReference; lastKnownFileType = image.jpeg; path = 58_puzzle_thumb.jpg; sourceTree = "<group>"; };
		AD76372716D647A4009C8C34 /* 62_puzzle.jpg */ = {isa = PBXFileReference; lastKnownFileType = image.jpeg; path = 62_puzzle.jpg; sourceTree = "<group>"; };
		AD76372816D647A4009C8C34 /* 62_puzzle_thumb.jpg */ = {isa = PBXFileReference; lastKnownFileType = image.jpeg; path = 62_puzzle_thumb.jpg; sourceTree = "<group>"; };
		AD76372916D647A4009C8C34 /* 64_puzzle.jpg */ = {isa = PBXFileReference; lastKnownFileType = image.jpeg; path = 64_puzzle.jpg; sourceTree = "<group>"; };
		AD76372A16D647A4009C8C34 /* 64_puzzle_thumb.jpg */ = {isa = PBXFileReference; lastKnownFileType = image.jpeg; path = 64_puzzle_thumb.jpg; sourceTree = "<group>"; };
		AD76372B16D647A4009C8C34 /* 69_puzzle.jpg */ = {isa = PBXFileReference; lastKnownFileType = image.jpeg; path = 69_puzzle.jpg; sourceTree = "<group>"; };
		AD76372C16D647A4009C8C34 /* 69_puzzle_thumb.jpg */ = {isa = PBXFileReference; lastKnownFileType = image.jpeg; path = 69_puzzle_thumb.jpg; sourceTree = "<group>"; };
		AD76372D16D647A4009C8C34 /* 70_puzzle.jpg */ = {isa = PBXFileReference; lastKnownFileType = image.jpeg; path = 70_puzzle.jpg; sourceTree = "<group>"; };
		AD76372E16D647A4009C8C34 /* 70_puzzle_thumb.jpg */ = {isa = PBXFileReference; lastKnownFileType = image.jpeg; path = 70_puzzle_thumb.jpg; sourceTree = "<group>"; };
		AD76372F16D647A4009C8C34 /* 71_puzzle.jpg */ = {isa = PBXFileReference; lastKnownFileType = image.jpeg; path = 71_puzzle.jpg; sourceTree = "<group>"; };
		AD76373016D647A4009C8C34 /* 71_puzzle_thumb.jpg */ = {isa = PBXFileReference; lastKnownFileType = image.jpeg; path = 71_puzzle_thumb.jpg; sourceTree = "<group>"; };
		AD76373116D647A4009C8C34 /* 72_puzzle.jpg */ = {isa = PBXFileReference; lastKnownFileType = image.jpeg; path = 72_puzzle.jpg; sourceTree = "<group>"; };
		AD76373216D647A4009C8C34 /* 72_puzzle_thumb.jpg */ = {isa = PBXFileReference; lastKnownFileType = image.jpeg; path = 72_puzzle_thumb.jpg; sourceTree = "<group>"; };
		AD76373316D647A4009C8C34 /* 74_puzzle.jpg */ = {isa = PBXFileReference; lastKnownFileType = image.jpeg; path = 74_puzzle.jpg; sourceTree = "<group>"; };
		AD76373416D647A4009C8C34 /* 74_puzzle_thumb.jpg */ = {isa = PBXFileReference; lastKnownFileType = image.jpeg; path = 74_puzzle_thumb.jpg; sourceTree = "<group>"; };
		AD76373516D647A4009C8C34 /* 77_puzzle.jpg */ = {isa = PBXFileReference; lastKnownFileType = image.jpeg; path = 77_puzzle.jpg; sourceTree = "<group>"; };
		AD76373616D647A4009C8C34 /* 77_puzzle_thumb.jpg */ = {isa = PBXFileReference; lastKnownFileType = image.jpeg; path = 77_puzzle_thumb.jpg; sourceTree = "<group>"; };
		AD76373716D647A4009C8C34 /* 78_puzzle.jpg */ = {isa = PBXFileReference; lastKnownFileType = image.jpeg; path = 78_puzzle.jpg; sourceTree = "<group>"; };
		AD76373816D647A4009C8C34 /* 78_puzzle_thumb.jpg */ = {isa = PBXFileReference; lastKnownFileType = image.jpeg; path = 78_puzzle_thumb.jpg; sourceTree = "<group>"; };
		AD76373916D647A4009C8C34 /* 79_puzzle.jpg */ = {isa = PBXFileReference; lastKnownFileType = image.jpeg; path = 79_puzzle.jpg; sourceTree = "<group>"; };
		AD76373A16D647A4009C8C34 /* 79_puzzle_thumb.jpg */ = {isa = PBXFileReference; lastKnownFileType = image.jpeg; path = 79_puzzle_thumb.jpg; sourceTree = "<group>"; };
		AD76373B16D647A4009C8C34 /* 81_puzzle.jpg */ = {isa = PBXFileReference; lastKnownFileType = image.jpeg; path = 81_puzzle.jpg; sourceTree = "<group>"; };
		AD76373C16D647A4009C8C34 /* 81_puzzle_thumb.jpg */ = {isa = PBXFileReference; lastKnownFileType = image.jpeg; path = 81_puzzle_thumb.jpg; sourceTree = "<group>"; };
		AD76373D16D647A4009C8C34 /* 83_puzzle.jpg */ = {isa = PBXFileReference; lastKnownFileType = image.jpeg; path = 83_puzzle.jpg; sourceTree = "<group>"; };
		AD76373E16D647A4009C8C34 /* 83_puzzle_thumb.jpg */ = {isa = PBXFileReference; lastKnownFileType = image.jpeg; path = 83_puzzle_thumb.jpg; sourceTree = "<group>"; };
		AD76373F16D647A4009C8C34 /* 84_puzzle.jpg */ = {isa = PBXFileReference; lastKnownFileType = image.jpeg; path = 84_puzzle.jpg; sourceTree = "<group>"; };
		AD76374016D647A4009C8C34 /* 84_puzzle_thumb.jpg */ = {isa = PBXFileReference; lastKnownFileType = image.jpeg; path = 84_puzzle_thumb.jpg; sourceTree = "<group>"; };
		AD76374116D647A4009C8C34 /* 85_puzzle.jpg */ = {isa = PBXFileReference; lastKnownFileType = image.jpeg; path = 85_puzzle.jpg; sourceTree = "<group>"; };
		AD76374216D647A4009C8C34 /* 85_puzzle_thumb.jpg */ = {isa = PBXFileReference; lastKnownFileType = image.jpeg; path = 85_puzzle_thumb.jpg; sourceTree = "<group>"; };
		AD76374316D647A4009C8C34 /* Amsterdam bikes_puzzle.jpg */ = {isa = PBXFileReference; lastKnownFileType = image.jpeg; path = "Amsterdam bikes_puzzle.jpg"; sourceTree = "<group>"; };
		AD76374416D647A4009C8C34 /* Amsterdam bikes_puzzle_thumb.jpg */ = {isa = PBXFileReference; lastKnownFileType = image.jpeg; path = "Amsterdam bikes_puzzle_thumb.jpg"; sourceTree = "<group>"; };
		ADC0C23B16D62E0E00321E43 /* TapToChooseMoreController.h */ = {isa = PBXFileReference; fileEncoding = 4; lastKnownFileType = sourcecode.c.h; path = TapToChooseMoreController.h; sourceTree = "<group>"; };
		ADC0C23C16D62E0E00321E43 /* TapToChooseMoreController.m */ = {isa = PBXFileReference; fileEncoding = 4; lastKnownFileType = sourcecode.c.objc; path = TapToChooseMoreController.m; sourceTree = "<group>"; };
		ADC0C24216D63C4100321E43 /* pink-hearts.png */ = {isa = PBXFileReference; lastKnownFileType = image.png; path = "pink-hearts.png"; sourceTree = "<group>"; };
		ADC0C24316D63C4100321E43 /* pink-hearts@2x.png */ = {isa = PBXFileReference; lastKnownFileType = image.png; path = "pink-hearts@2x.png"; sourceTree = "<group>"; };
		ADC0C24616D6402D00321E43 /* PuzzleLibraryController.h */ = {isa = PBXFileReference; fileEncoding = 4; lastKnownFileType = sourcecode.c.h; path = PuzzleLibraryController.h; sourceTree = "<group>"; };
		ADC0C24716D6402D00321E43 /* PuzzleLibraryController.m */ = {isa = PBXFileReference; fileEncoding = 4; lastKnownFileType = sourcecode.c.objc; path = PuzzleLibraryController.m; sourceTree = "<group>"; };
		ADD8236516CCA5A10000671B /* Slide48.app */ = {isa = PBXFileReference; explicitFileType = wrapper.application; includeInIndex = 0; path = Slide48.app; sourceTree = BUILT_PRODUCTS_DIR; };
		ADD8236816CCA5A10000671B /* UIKit.framework */ = {isa = PBXFileReference; lastKnownFileType = wrapper.framework; name = UIKit.framework; path = System/Library/Frameworks/UIKit.framework; sourceTree = SDKROOT; };
		ADD8236A16CCA5A10000671B /* Foundation.framework */ = {isa = PBXFileReference; lastKnownFileType = wrapper.framework; name = Foundation.framework; path = System/Library/Frameworks/Foundation.framework; sourceTree = SDKROOT; };
		ADD8236C16CCA5A10000671B /* CoreGraphics.framework */ = {isa = PBXFileReference; lastKnownFileType = wrapper.framework; name = CoreGraphics.framework; path = System/Library/Frameworks/CoreGraphics.framework; sourceTree = SDKROOT; };
		ADD8237016CCA5A10000671B /* Slide48-Info.plist */ = {isa = PBXFileReference; lastKnownFileType = text.plist.xml; path = "Slide48-Info.plist"; sourceTree = "<group>"; };
		ADD8237216CCA5A10000671B /* en */ = {isa = PBXFileReference; lastKnownFileType = text.plist.strings; name = en; path = en.lproj/InfoPlist.strings; sourceTree = "<group>"; };
		ADD8237416CCA5A10000671B /* main.m */ = {isa = PBXFileReference; lastKnownFileType = sourcecode.c.objc; path = main.m; sourceTree = "<group>"; };
		ADD8237616CCA5A10000671B /* Slide48-Prefix.pch */ = {isa = PBXFileReference; lastKnownFileType = sourcecode.c.h; path = "Slide48-Prefix.pch"; sourceTree = "<group>"; };
		ADD8237716CCA5A10000671B /* AppDelegate.h */ = {isa = PBXFileReference; lastKnownFileType = sourcecode.c.h; path = AppDelegate.h; sourceTree = "<group>"; };
		ADD8237816CCA5A10000671B /* AppDelegate.m */ = {isa = PBXFileReference; lastKnownFileType = sourcecode.c.objc; path = AppDelegate.m; sourceTree = "<group>"; };
		ADD8237A16CCA5A20000671B /* Default.png */ = {isa = PBXFileReference; lastKnownFileType = image.png; path = Default.png; sourceTree = "<group>"; };
		ADD8237C16CCA5A20000671B /* Default@2x.png */ = {isa = PBXFileReference; lastKnownFileType = image.png; path = "Default@2x.png"; sourceTree = "<group>"; };
		ADD8237E16CCA5A20000671B /* Default-568h@2x.png */ = {isa = PBXFileReference; lastKnownFileType = image.png; path = "Default-568h@2x.png"; sourceTree = "<group>"; };
		ADD8238116CCA5A20000671B /* en */ = {isa = PBXFileReference; lastKnownFileType = file.storyboard; name = en; path = en.lproj/MainStoryboard.storyboard; sourceTree = "<group>"; };
		ADD8238316CCA5A20000671B /* ViewController.h */ = {isa = PBXFileReference; lastKnownFileType = sourcecode.c.h; path = ViewController.h; sourceTree = "<group>"; };
		ADD8238416CCA5A20000671B /* ViewController.m */ = {isa = PBXFileReference; lastKnownFileType = sourcecode.c.objc; path = ViewController.m; sourceTree = "<group>"; };
		ADD8238B16CCA5CC0000671B /* AVFoundation.framework */ = {isa = PBXFileReference; lastKnownFileType = wrapper.framework; name = AVFoundation.framework; path = System/Library/Frameworks/AVFoundation.framework; sourceTree = SDKROOT; };
		ADD8238F16CCA6090000671B /* UIImage+Resize.h */ = {isa = PBXFileReference; fileEncoding = 4; lastKnownFileType = sourcecode.c.h; path = "UIImage+Resize.h"; sourceTree = "<group>"; };
		ADD8239016CCA6090000671B /* UIImage+Resize.m */ = {isa = PBXFileReference; fileEncoding = 4; lastKnownFileType = sourcecode.c.objc; path = "UIImage+Resize.m"; sourceTree = "<group>"; };
		ADD8239116CCA6090000671B /* IAPuzzleBoard.h */ = {isa = PBXFileReference; fileEncoding = 4; lastKnownFileType = sourcecode.c.h; path = IAPuzzleBoard.h; sourceTree = "<group>"; };
		ADD8239216CCA6090000671B /* IAPuzzleBoard.m */ = {isa = PBXFileReference; fileEncoding = 4; lastKnownFileType = sourcecode.c.objc; path = IAPuzzleBoard.m; sourceTree = "<group>"; };
		ADD8239316CCA6090000671B /* IAPuzzleBoardView.h */ = {isa = PBXFileReference; fileEncoding = 4; lastKnownFileType = sourcecode.c.h; path = IAPuzzleBoardView.h; sourceTree = "<group>"; };
		ADD8239416CCA6090000671B /* IAPuzzleBoardView.m */ = {isa = PBXFileReference; fileEncoding = 4; lastKnownFileType = sourcecode.c.objc; path = IAPuzzleBoardView.m; sourceTree = "<group>"; };
		ADD8239816CCA6A90000671B /* board.png */ = {isa = PBXFileReference; lastKnownFileType = image.png; path = board.png; sourceTree = "<group>"; };
		ADD8239916CCA6A90000671B /* board@2x.png */ = {isa = PBXFileReference; lastKnownFileType = image.png; path = "board@2x.png"; sourceTree = "<group>"; };
		ADD8239A16CCA6A90000671B /* boardFrame.png */ = {isa = PBXFileReference; lastKnownFileType = image.png; path = boardFrame.png; sourceTree = "<group>"; };
		ADD8239B16CCA6A90000671B /* boardFrame@2x.png */ = {isa = PBXFileReference; lastKnownFileType = image.png; path = "boardFrame@2x.png"; sourceTree = "<group>"; };
		ADD8239C16CCA6A90000671B /* ff.png */ = {isa = PBXFileReference; lastKnownFileType = image.png; path = ff.png; sourceTree = "<group>"; };
		ADD8239D16CCA6A90000671B /* ff@2x.png */ = {isa = PBXFileReference; lastKnownFileType = image.png; path = "ff@2x.png"; sourceTree = "<group>"; };
		ADD823A516CD06930000671B /* SEFilterControl.h */ = {isa = PBXFileReference; fileEncoding = 4; lastKnownFileType = sourcecode.c.h; path = SEFilterControl.h; sourceTree = "<group>"; };
		ADD823A616CD06930000671B /* SEFilterControl.m */ = {isa = PBXFileReference; fileEncoding = 4; lastKnownFileType = sourcecode.c.objc; path = SEFilterControl.m; sourceTree = "<group>"; };
		ADD823A716CD06930000671B /* SEFilterKnob.h */ = {isa = PBXFileReference; fileEncoding = 4; lastKnownFileType = sourcecode.c.h; path = SEFilterKnob.h; sourceTree = "<group>"; };
		ADD823A816CD06930000671B /* SEFilterKnob.m */ = {isa = PBXFileReference; fileEncoding = 4; lastKnownFileType = sourcecode.c.objc; path = SEFilterKnob.m; sourceTree = "<group>"; };
		ADD823AC16CD07120000671B /* SharedData.h */ = {isa = PBXFileReference; fileEncoding = 4; lastKnownFileType = sourcecode.c.h; path = SharedData.h; sourceTree = "<group>"; };
		ADD823AD16CD07120000671B /* SharedData.m */ = {isa = PBXFileReference; fileEncoding = 4; lastKnownFileType = sourcecode.c.objc; path = SharedData.m; sourceTree = "<group>"; };
		ADD823B016CD08790000671B /* Animations.h */ = {isa = PBXFileReference; fileEncoding = 4; lastKnownFileType = sourcecode.c.h; path = Animations.h; sourceTree = "<group>"; };
		ADD823B116CD08790000671B /* Animations.m */ = {isa = PBXFileReference; fileEncoding = 4; lastKnownFileType = sourcecode.c.objc; path = Animations.m; sourceTree = "<group>"; };
		ADD823B416CD0E330000671B /* README.rst */ = {isa = PBXFileReference; fileEncoding = 4; lastKnownFileType = text; path = README.rst; sourceTree = "<group>"; };
/* End PBXFileReference section */

/* Begin PBXFrameworksBuildPhase section */
		ADD8236216CCA5A10000671B /* Frameworks */ = {
			isa = PBXFrameworksBuildPhase;
			buildActionMask = 2147483647;
			files = (
				ADD8238C16CCA5CC0000671B /* AVFoundation.framework in Frameworks */,
				ADD8236916CCA5A10000671B /* UIKit.framework in Frameworks */,
				ADD8236B16CCA5A10000671B /* Foundation.framework in Frameworks */,
				ADD8236D16CCA5A10000671B /* CoreGraphics.framework in Frameworks */,
			);
			runOnlyForDeploymentPostprocessing = 0;
		};
/* End PBXFrameworksBuildPhase section */

/* Begin PBXGroup section */
		AD7636EE16D647A4009C8C34 /* PuzzleImages */ = {
			isa = PBXGroup;
			children = (
				AD7636EF16D647A4009C8C34 /* 17_puzzle.jpg */,
				AD7636F016D647A4009C8C34 /* 17_puzzle_thumb.jpg */,
				AD7636F116D647A4009C8C34 /* 18_puzzle.jpg */,
				AD7636F216D647A4009C8C34 /* 18_puzzle_thumb.jpg */,
				AD7636F316D647A4009C8C34 /* 19_puzzle.jpg */,
				AD7636F416D647A4009C8C34 /* 19_puzzle_thumb.jpg */,
				AD7636F516D647A4009C8C34 /* 21_puzzle.jpg */,
				AD7636F616D647A4009C8C34 /* 21_puzzle_thumb.jpg */,
				AD7636F716D647A4009C8C34 /* 22_puzzle.jpg */,
				AD7636F816D647A4009C8C34 /* 22_puzzle_thumb.jpg */,
				AD7636F916D647A4009C8C34 /* 23_puzzle.jpg */,
				AD7636FA16D647A4009C8C34 /* 23_puzzle_thumb.jpg */,
				AD7636FB16D647A4009C8C34 /* 25_puzzle.jpg */,
				AD7636FC16D647A4009C8C34 /* 25_puzzle_thumb.jpg */,
				AD7636FD16D647A4009C8C34 /* 26_puzzle.jpg */,
				AD7636FE16D647A4009C8C34 /* 26_puzzle_thumb.jpg */,
				AD7636FF16D647A4009C8C34 /* 27_puzzle.jpg */,
				AD76370016D647A4009C8C34 /* 27_puzzle_thumb.jpg */,
				AD76370116D647A4009C8C34 /* 28_puzzle.jpg */,
				AD76370216D647A4009C8C34 /* 28_puzzle_thumb.jpg */,
				AD76370316D647A4009C8C34 /* 2_puzzle.jpg */,
				AD76370416D647A4009C8C34 /* 2_puzzle_thumb.jpg */,
				AD76370516D647A4009C8C34 /* 32_puzzle.jpg */,
				AD76370616D647A4009C8C34 /* 32_puzzle_thumb.jpg */,
				AD76370716D647A4009C8C34 /* 33_puzzle.jpg */,
				AD76370816D647A4009C8C34 /* 33_puzzle_thumb.jpg */,
				AD76370916D647A4009C8C34 /* 34_puzzle.jpg */,
				AD76370A16D647A4009C8C34 /* 34_puzzle_thumb.jpg */,
				AD76370B16D647A4009C8C34 /* 39_puzzle.jpg */,
				AD76370C16D647A4009C8C34 /* 39_puzzle_thumb.jpg */,
				AD76370D16D647A4009C8C34 /* 3_puzzle.jpg */,
				AD76370E16D647A4009C8C34 /* 3_puzzle_thumb.jpg */,
				AD76370F16D647A4009C8C34 /* 41_puzzle.jpg */,
				AD76371016D647A4009C8C34 /* 41_puzzle_thumb.jpg */,
				AD76371116D647A4009C8C34 /* 43_puzzle.jpg */,
				AD76371216D647A4009C8C34 /* 43_puzzle_thumb.jpg */,
				AD76371316D647A4009C8C34 /* 44_puzzle.jpg */,
				AD76371416D647A4009C8C34 /* 44_puzzle_thumb.jpg */,
				AD76371516D647A4009C8C34 /* 45_puzzle.jpg */,
				AD76371616D647A4009C8C34 /* 45_puzzle_thumb.jpg */,
				AD76371716D647A4009C8C34 /* 48_puzzle.png */,
				AD76371816D647A4009C8C34 /* 48_puzzle_thumb.png */,
				AD76371916D647A4009C8C34 /* 4_puzzle.jpg */,
				AD76371A16D647A4009C8C34 /* 4_puzzle_thumb.jpg */,
				AD76371B16D647A4009C8C34 /* 53_puzzle.jpg */,
				AD76371C16D647A4009C8C34 /* 53_puzzle_thumb.jpg */,
				AD76371D16D647A4009C8C34 /* 54_puzzle.jpg */,
				AD76371E16D647A4009C8C34 /* 54_puzzle_thumb.jpg */,
				AD76371F16D647A4009C8C34 /* 55_puzzle.jpg */,
				AD76372016D647A4009C8C34 /* 55_puzzle_thumb.jpg */,
				AD76372116D647A4009C8C34 /* 56_puzzle.jpg */,
				AD76372216D647A4009C8C34 /* 56_puzzle_thumb.jpg */,
				AD76372316D647A4009C8C34 /* 57_puzzle.jpg */,
				AD76372416D647A4009C8C34 /* 57_puzzle_thumb.jpg */,
				AD76372516D647A4009C8C34 /* 58_puzzle.jpg */,
				AD76372616D647A4009C8C34 /* 58_puzzle_thumb.jpg */,
				AD76372716D647A4009C8C34 /* 62_puzzle.jpg */,
				AD76372816D647A4009C8C34 /* 62_puzzle_thumb.jpg */,
				AD76372916D647A4009C8C34 /* 64_puzzle.jpg */,
				AD76372A16D647A4009C8C34 /* 64_puzzle_thumb.jpg */,
				AD76372B16D647A4009C8C34 /* 69_puzzle.jpg */,
				AD76372C16D647A4009C8C34 /* 69_puzzle_thumb.jpg */,
				AD76372D16D647A4009C8C34 /* 70_puzzle.jpg */,
				AD76372E16D647A4009C8C34 /* 70_puzzle_thumb.jpg */,
				AD76372F16D647A4009C8C34 /* 71_puzzle.jpg */,
				AD76373016D647A4009C8C34 /* 71_puzzle_thumb.jpg */,
				AD76373116D647A4009C8C34 /* 72_puzzle.jpg */,
				AD76373216D647A4009C8C34 /* 72_puzzle_thumb.jpg */,
				AD76373316D647A4009C8C34 /* 74_puzzle.jpg */,
				AD76373416D647A4009C8C34 /* 74_puzzle_thumb.jpg */,
				AD76373516D647A4009C8C34 /* 77_puzzle.jpg */,
				AD76373616D647A4009C8C34 /* 77_puzzle_thumb.jpg */,
				AD76373716D647A4009C8C34 /* 78_puzzle.jpg */,
				AD76373816D647A4009C8C34 /* 78_puzzle_thumb.jpg */,
				AD76373916D647A4009C8C34 /* 79_puzzle.jpg */,
				AD76373A16D647A4009C8C34 /* 79_puzzle_thumb.jpg */,
				AD76373B16D647A4009C8C34 /* 81_puzzle.jpg */,
				AD76373C16D647A4009C8C34 /* 81_puzzle_thumb.jpg */,
				AD76373D16D647A4009C8C34 /* 83_puzzle.jpg */,
				AD76373E16D647A4009C8C34 /* 83_puzzle_thumb.jpg */,
				AD76373F16D647A4009C8C34 /* 84_puzzle.jpg */,
				AD76374016D647A4009C8C34 /* 84_puzzle_thumb.jpg */,
				AD76374116D647A4009C8C34 /* 85_puzzle.jpg */,
				AD76374216D647A4009C8C34 /* 85_puzzle_thumb.jpg */,
				AD76374316D647A4009C8C34 /* Amsterdam bikes_puzzle.jpg */,
				AD76374416D647A4009C8C34 /* Amsterdam bikes_puzzle_thumb.jpg */,
			);
			path = PuzzleImages;
			sourceTree = "<group>";
		};
		ADC0C23E16D62E1B00321E43 /* UI */ = {
			isa = PBXGroup;
			children = (
				ADD8238016CCA5A20000671B /* MainStoryboard.storyboard */,
			);
			name = UI;
			path = Slide48;
			sourceTree = "<group>";
		};
		ADD8235C16CCA5A10000671B = {
			isa = PBXGroup;
			children = (
				AD7636EE16D647A4009C8C34 /* PuzzleImages */,
				ADC0C23E16D62E1B00321E43 /* UI */,
				ADD823B416CD0E330000671B /* README.rst */,
				ADD823B316CD08830000671B /* Animations */,
				ADD823AF16CD07160000671B /* SharedData */,
				ADD823AB16CD069C0000671B /* SEFilterControl */,
				ADD823A416CCA6B10000671B /* Images */,
				ADD8238D16CCA6090000671B /* src */,
				ADD8236E16CCA5A10000671B /* Slide48 */,
				ADD8236716CCA5A10000671B /* Frameworks */,
				ADD8236616CCA5A10000671B /* Products */,
			);
			sourceTree = "<group>";
		};
		ADD8236616CCA5A10000671B /* Products */ = {
			isa = PBXGroup;
			children = (
				ADD8236516CCA5A10000671B /* Slide48.app */,
			);
			name = Products;
			sourceTree = "<group>";
		};
		ADD8236716CCA5A10000671B /* Frameworks */ = {
			isa = PBXGroup;
			children = (
				ADD8238B16CCA5CC0000671B /* AVFoundation.framework */,
				ADD8236816CCA5A10000671B /* UIKit.framework */,
				ADD8236A16CCA5A10000671B /* Foundation.framework */,
				ADD8236C16CCA5A10000671B /* CoreGraphics.framework */,
			);
			name = Frameworks;
			sourceTree = "<group>";
		};
		ADD8236E16CCA5A10000671B /* Slide48 */ = {
			isa = PBXGroup;
			children = (
				ADC0C24616D6402D00321E43 /* PuzzleLibraryController.h */,
				AD4786A416DC5F590034C8C3 /* MenuViewController.h */,
				AD4786A516DC5F590034C8C3 /* MenuViewController.m */,
				ADC0C24716D6402D00321E43 /* PuzzleLibraryController.m */,
				ADD8237716CCA5A10000671B /* AppDelegate.h */,
				ADD8237816CCA5A10000671B /* AppDelegate.m */,
				ADC0C23B16D62E0E00321E43 /* TapToChooseMoreController.h */,
				ADC0C23C16D62E0E00321E43 /* TapToChooseMoreController.m */,
				ADD8238316CCA5A20000671B /* ViewController.h */,
				ADD8238416CCA5A20000671B /* ViewController.m */,
				ADD8236F16CCA5A10000671B /* Supporting Files */,
			);
			path = Slide48;
			sourceTree = "<group>";
		};
		ADD8236F16CCA5A10000671B /* Supporting Files */ = {
			isa = PBXGroup;
			children = (
				ADD8237016CCA5A10000671B /* Slide48-Info.plist */,
				ADD8237116CCA5A10000671B /* InfoPlist.strings */,
				ADD8237416CCA5A10000671B /* main.m */,
				ADD8237616CCA5A10000671B /* Slide48-Prefix.pch */,
				ADD8237A16CCA5A20000671B /* Default.png */,
				ADD8237C16CCA5A20000671B /* Default@2x.png */,
				ADD8237E16CCA5A20000671B /* Default-568h@2x.png */,
			);
			name = "Supporting Files";
			sourceTree = "<group>";
		};
		ADD8238D16CCA6090000671B /* src */ = {
			isa = PBXGroup;
			children = (
				ADD8238E16CCA6090000671B /* Helpers */,
				ADD8239116CCA6090000671B /* IAPuzzleBoard.h */,
				ADD8239216CCA6090000671B /* IAPuzzleBoard.m */,
				ADD8239316CCA6090000671B /* IAPuzzleBoardView.h */,
				ADD8239416CCA6090000671B /* IAPuzzleBoardView.m */,
			);
			path = src;
			sourceTree = "<group>";
		};
		ADD8238E16CCA6090000671B /* Helpers */ = {
			isa = PBXGroup;
			children = (
				ADD8238F16CCA6090000671B /* UIImage+Resize.h */,
				ADD8239016CCA6090000671B /* UIImage+Resize.m */,
			);
			path = Helpers;
			sourceTree = "<group>";
		};
		ADD823A416CCA6B10000671B /* Images */ = {
			isa = PBXGroup;
			children = (
				ADC0C24216D63C4100321E43 /* pink-hearts.png */,
				ADC0C24316D63C4100321E43 /* pink-hearts@2x.png */,
				ADD8239816CCA6A90000671B /* board.png */,
				ADD8239916CCA6A90000671B /* board@2x.png */,
				ADD8239A16CCA6A90000671B /* boardFrame.png */,
				ADD8239B16CCA6A90000671B /* boardFrame@2x.png */,
				ADD8239C16CCA6A90000671B /* ff.png */,
				ADD8239D16CCA6A90000671B /* ff@2x.png */,
			);
			name = Images;
			sourceTree = "<group>";
		};
		ADD823AB16CD069C0000671B /* SEFilterControl */ = {
			isa = PBXGroup;
			children = (
				ADD823A516CD06930000671B /* SEFilterControl.h */,
				ADD823A616CD06930000671B /* SEFilterControl.m */,
				ADD823A716CD06930000671B /* SEFilterKnob.h */,
				ADD823A816CD06930000671B /* SEFilterKnob.m */,
			);
			name = SEFilterControl;
			sourceTree = "<group>";
		};
		ADD823AF16CD07160000671B /* SharedData */ = {
			isa = PBXGroup;
			children = (
				ADD823AC16CD07120000671B /* SharedData.h */,
				ADD823AD16CD07120000671B /* SharedData.m */,
			);
			name = SharedData;
			sourceTree = "<group>";
		};
		ADD823B316CD08830000671B /* Animations */ = {
			isa = PBXGroup;
			children = (
				ADD823B016CD08790000671B /* Animations.h */,
				ADD823B116CD08790000671B /* Animations.m */,
			);
			name = Animations;
			sourceTree = "<group>";
		};
/* End PBXGroup section */

/* Begin PBXNativeTarget section */
		ADD8236416CCA5A10000671B /* Slide48 */ = {
			isa = PBXNativeTarget;
			buildConfigurationList = ADD8238816CCA5A20000671B /* Build configuration list for PBXNativeTarget "Slide48" */;
			buildPhases = (
				ADD8236116CCA5A10000671B /* Sources */,
				ADD8236216CCA5A10000671B /* Frameworks */,
				ADD8236316CCA5A10000671B /* Resources */,
			);
			buildRules = (
			);
			dependencies = (
			);
			name = Slide48;
			productName = Slide48;
			productReference = ADD8236516CCA5A10000671B /* Slide48.app */;
			productType = "com.apple.product-type.application";
		};
/* End PBXNativeTarget section */

/* Begin PBXProject section */
		ADD8235D16CCA5A10000671B /* Project object */ = {
			isa = PBXProject;
			attributes = {
				LastUpgradeCheck = 0460;
				ORGANIZATIONNAME = "Pulkit Kathuria";
			};
			buildConfigurationList = ADD8236016CCA5A10000671B /* Build configuration list for PBXProject "Slide48" */;
			compatibilityVersion = "Xcode 3.2";
			developmentRegion = English;
			hasScannedForEncodings = 0;
			knownRegions = (
				en,
			);
			mainGroup = ADD8235C16CCA5A10000671B;
			productRefGroup = ADD8236616CCA5A10000671B /* Products */;
			projectDirPath = "";
			projectRoot = "";
			targets = (
				ADD8236416CCA5A10000671B /* Slide48 */,
			);
		};
/* End PBXProject section */

/* Begin PBXResourcesBuildPhase section */
		ADD8236316CCA5A10000671B /* Resources */ = {
			isa = PBXResourcesBuildPhase;
			buildActionMask = 2147483647;
			files = (
				ADD8237316CCA5A10000671B /* InfoPlist.strings in Resources */,
				ADD8237B16CCA5A20000671B /* Default.png in Resources */,
				ADD8237D16CCA5A20000671B /* Default@2x.png in Resources */,
				ADD8237F16CCA5A20000671B /* Default-568h@2x.png in Resources */,
				ADD8238216CCA5A20000671B /* MainStoryboard.storyboard in Resources */,
				ADD8239E16CCA6A90000671B /* board.png in Resources */,
				ADD8239F16CCA6A90000671B /* board@2x.png in Resources */,
				ADD823A016CCA6A90000671B /* boardFrame.png in Resources */,
				ADD823A116CCA6A90000671B /* boardFrame@2x.png in Resources */,
				ADD823A216CCA6A90000671B /* ff.png in Resources */,
				ADD823A316CCA6A90000671B /* ff@2x.png in Resources */,
				ADD823B516CD0E330000671B /* README.rst in Resources */,
				ADC0C24416D63C4100321E43 /* pink-hearts.png in Resources */,
				ADC0C24516D63C4100321E43 /* pink-hearts@2x.png in Resources */,
				AD76374516D647A4009C8C34 /* 17_puzzle.jpg in Resources */,
				AD76374616D647A4009C8C34 /* 17_puzzle_thumb.jpg in Resources */,
				AD76374716D647A4009C8C34 /* 18_puzzle.jpg in Resources */,
				AD76374816D647A4009C8C34 /* 18_puzzle_thumb.jpg in Resources */,
				AD76374916D647A4009C8C34 /* 19_puzzle.jpg in Resources */,
				AD76374A16D647A4009C8C34 /* 19_puzzle_thumb.jpg in Resources */,
				AD76374B16D647A4009C8C34 /* 21_puzzle.jpg in Resources */,
				AD76374C16D647A4009C8C34 /* 21_puzzle_thumb.jpg in Resources */,
				AD76374D16D647A4009C8C34 /* 22_puzzle.jpg in Resources */,
				AD76374E16D647A4009C8C34 /* 22_puzzle_thumb.jpg in Resources */,
				AD76374F16D647A4009C8C34 /* 23_puzzle.jpg in Resources */,
				AD76375016D647A4009C8C34 /* 23_puzzle_thumb.jpg in Resources */,
				AD76375116D647A4009C8C34 /* 25_puzzle.jpg in Resources */,
				AD76375216D647A4009C8C34 /* 25_puzzle_thumb.jpg in Resources */,
				AD76375316D647A4009C8C34 /* 26_puzzle.jpg in Resources */,
				AD76375416D647A4009C8C34 /* 26_puzzle_thumb.jpg in Resources */,
				AD76375516D647A4009C8C34 /* 27_puzzle.jpg in Resources */,
				AD76375616D647A4009C8C34 /* 27_puzzle_thumb.jpg in Resources */,
				AD76375716D647A4009C8C34 /* 28_puzzle.jpg in Resources */,
				AD76375816D647A4009C8C34 /* 28_puzzle_thumb.jpg in Resources */,
				AD76375916D647A4009C8C34 /* 2_puzzle.jpg in Resources */,
				AD76375A16D647A4009C8C34 /* 2_puzzle_thumb.jpg in Resources */,
				AD76375B16D647A4009C8C34 /* 32_puzzle.jpg in Resources */,
				AD76375C16D647A4009C8C34 /* 32_puzzle_thumb.jpg in Resources */,
				AD76375D16D647A4009C8C34 /* 33_puzzle.jpg in Resources */,
				AD76375E16D647A4009C8C34 /* 33_puzzle_thumb.jpg in Resources */,
				AD76375F16D647A4009C8C34 /* 34_puzzle.jpg in Resources */,
				AD76376016D647A4009C8C34 /* 34_puzzle_thumb.jpg in Resources */,
				AD76376116D647A4009C8C34 /* 39_puzzle.jpg in Resources */,
				AD76376216D647A4009C8C34 /* 39_puzzle_thumb.jpg in Resources */,
				AD76376316D647A4009C8C34 /* 3_puzzle.jpg in Resources */,
				AD76376416D647A4009C8C34 /* 3_puzzle_thumb.jpg in Resources */,
				AD76376516D647A4009C8C34 /* 41_puzzle.jpg in Resources */,
				AD76376616D647A4009C8C34 /* 41_puzzle_thumb.jpg in Resources */,
				AD76376716D647A4009C8C34 /* 43_puzzle.jpg in Resources */,
				AD76376816D647A4009C8C34 /* 43_puzzle_thumb.jpg in Resources */,
				AD76376916D647A4009C8C34 /* 44_puzzle.jpg in Resources */,
				AD76376A16D647A4009C8C34 /* 44_puzzle_thumb.jpg in Resources */,
				AD76376B16D647A4009C8C34 /* 45_puzzle.jpg in Resources */,
				AD76376C16D647A4009C8C34 /* 45_puzzle_thumb.jpg in Resources */,
				AD76376D16D647A4009C8C34 /* 48_puzzle.png in Resources */,
				AD76376E16D647A4009C8C34 /* 48_puzzle_thumb.png in Resources */,
				AD76376F16D647A4009C8C34 /* 4_puzzle.jpg in Resources */,
				AD76377016D647A4009C8C34 /* 4_puzzle_thumb.jpg in Resources */,
				AD76377116D647A4009C8C34 /* 53_puzzle.jpg in Resources */,
				AD76377216D647A4009C8C34 /* 53_puzzle_thumb.jpg in Resources */,
				AD76377316D647A4009C8C34 /* 54_puzzle.jpg in Resources */,
				AD76377416D647A4009C8C34 /* 54_puzzle_thumb.jpg in Resources */,
				AD76377516D647A4009C8C34 /* 55_puzzle.jpg in Resources */,
				AD76377616D647A4009C8C34 /* 55_puzzle_thumb.jpg in Resources */,
				AD76377716D647A4009C8C34 /* 56_puzzle.jpg in Resources */,
				AD76377816D647A4009C8C34 /* 56_puzzle_thumb.jpg in Resources */,
				AD76377916D647A4009C8C34 /* 57_puzzle.jpg in Resources */,
				AD76377A16D647A4009C8C34 /* 57_puzzle_thumb.jpg in Resources */,
				AD76377B16D647A4009C8C34 /* 58_puzzle.jpg in Resources */,
				AD76377C16D647A4009C8C34 /* 58_puzzle_thumb.jpg in Resources */,
				AD76377D16D647A4009C8C34 /* 62_puzzle.jpg in Resources */,
				AD76377E16D647A4009C8C34 /* 62_puzzle_thumb.jpg in Resources */,
				AD76377F16D647A4009C8C34 /* 64_puzzle.jpg in Resources */,
				AD76378016D647A4009C8C34 /* 64_puzzle_thumb.jpg in Resources */,
				AD76378116D647A4009C8C34 /* 69_puzzle.jpg in Resources */,
				AD76378216D647A4009C8C34 /* 69_puzzle_thumb.jpg in Resources */,
				AD76378316D647A4009C8C34 /* 70_puzzle.jpg in Resources */,
				AD76378416D647A4009C8C34 /* 70_puzzle_thumb.jpg in Resources */,
				AD76378516D647A4009C8C34 /* 71_puzzle.jpg in Resources */,
				AD76378616D647A4009C8C34 /* 71_puzzle_thumb.jpg in Resources */,
				AD76378716D647A4009C8C34 /* 72_puzzle.jpg in Resources */,
				AD76378816D647A4009C8C34 /* 72_puzzle_thumb.jpg in Resources */,
				AD76378916D647A4009C8C34 /* 74_puzzle.jpg in Resources */,
				AD76378A16D647A4009C8C34 /* 74_puzzle_thumb.jpg in Resources */,
				AD76378B16D647A4009C8C34 /* 77_puzzle.jpg in Resources */,
				AD76378C16D647A4009C8C34 /* 77_puzzle_thumb.jpg in Resources */,
				AD76378D16D647A4009C8C34 /* 78_puzzle.jpg in Resources */,
				AD76378E16D647A4009C8C34 /* 78_puzzle_thumb.jpg in Resources */,
				AD76378F16D647A4009C8C34 /* 79_puzzle.jpg in Resources */,
				AD76379016D647A4009C8C34 /* 79_puzzle_thumb.jpg in Resources */,
				AD76379116D647A4009C8C34 /* 81_puzzle.jpg in Resources */,
				AD76379216D647A4009C8C34 /* 81_puzzle_thumb.jpg in Resources */,
				AD76379316D647A4009C8C34 /* 83_puzzle.jpg in Resources */,
				AD76379416D647A4009C8C34 /* 83_puzzle_thumb.jpg in Resources */,
				AD76379516D647A4009C8C34 /* 84_puzzle.jpg in Resources */,
				AD76379616D647A4009C8C34 /* 84_puzzle_thumb.jpg in Resources */,
				AD76379716D647A4009C8C34 /* 85_puzzle.jpg in Resources */,
				AD76379816D647A4009C8C34 /* 85_puzzle_thumb.jpg in Resources */,
				AD76379916D647A4009C8C34 /* Amsterdam bikes_puzzle.jpg in Resources */,
				AD76379A16D647A4009C8C34 /* Amsterdam bikes_puzzle_thumb.jpg in Resources */,
			);
			runOnlyForDeploymentPostprocessing = 0;
		};
/* End PBXResourcesBuildPhase section */

/* Begin PBXSourcesBuildPhase section */
		ADD8236116CCA5A10000671B /* Sources */ = {
			isa = PBXSourcesBuildPhase;
			buildActionMask = 2147483647;
			files = (
				ADD8237516CCA5A10000671B /* main.m in Sources */,
				ADD8237916CCA5A10000671B /* AppDelegate.m in Sources */,
				ADD8238516CCA5A20000671B /* ViewController.m in Sources */,
				ADD8239516CCA6090000671B /* UIImage+Resize.m in Sources */,
				ADD8239616CCA6090000671B /* IAPuzzleBoard.m in Sources */,
				ADD8239716CCA6090000671B /* IAPuzzleBoardView.m in Sources */,
				ADD823A916CD06930000671B /* SEFilterControl.m in Sources */,
				ADD823AA16CD06930000671B /* SEFilterKnob.m in Sources */,
				ADD823AE16CD07120000671B /* SharedData.m in Sources */,
				ADD823B216CD087A0000671B /* Animations.m in Sources */,
				ADC0C23D16D62E0E00321E43 /* TapToChooseMoreController.m in Sources */,
				ADC0C24816D6402D00321E43 /* PuzzleLibraryController.m in Sources */,
				AD4786A616DC5F590034C8C3 /* MenuViewController.m in Sources */,
			);
			runOnlyForDeploymentPostprocessing = 0;
		};
/* End PBXSourcesBuildPhase section */

/* Begin PBXVariantGroup section */
		ADD8237116CCA5A10000671B /* InfoPlist.strings */ = {
			isa = PBXVariantGroup;
			children = (
				ADD8237216CCA5A10000671B /* en */,
			);
			name = InfoPlist.strings;
			sourceTree = "<group>";
		};
		ADD8238016CCA5A20000671B /* MainStoryboard.storyboard */ = {
			isa = PBXVariantGroup;
			children = (
				ADD8238116CCA5A20000671B /* en */,
			);
			name = MainStoryboard.storyboard;
			sourceTree = "<group>";
		};
/* End PBXVariantGroup section */

/* Begin XCBuildConfiguration section */
		ADD8238616CCA5A20000671B /* Debug */ = {
			isa = XCBuildConfiguration;
			buildSettings = {
				ALWAYS_SEARCH_USER_PATHS = NO;
				CLANG_CXX_LANGUAGE_STANDARD = "gnu++0x";
				CLANG_CXX_LIBRARY = "libc++";
				CLANG_ENABLE_OBJC_ARC = YES;
				CLANG_WARN_CONSTANT_CONVERSION = YES;
				CLANG_WARN_EMPTY_BODY = YES;
				CLANG_WARN_ENUM_CONVERSION = YES;
				CLANG_WARN_INT_CONVERSION = YES;
				CLANG_WARN__DUPLICATE_METHOD_MATCH = YES;
				"CODE_SIGN_IDENTITY[sdk=iphoneos*]" = "iPhone Developer";
				COPY_PHASE_STRIP = NO;
				GCC_C_LANGUAGE_STANDARD = gnu99;
				GCC_DYNAMIC_NO_PIC = NO;
				GCC_OPTIMIZATION_LEVEL = 0;
				GCC_PREPROCESSOR_DEFINITIONS = (
					"DEBUG=1",
					"$(inherited)",
				);
				GCC_SYMBOLS_PRIVATE_EXTERN = NO;
				GCC_WARN_ABOUT_RETURN_TYPE = YES;
				GCC_WARN_UNINITIALIZED_AUTOS = YES;
				GCC_WARN_UNUSED_VARIABLE = YES;
				IPHONEOS_DEPLOYMENT_TARGET = 6.1;
				ONLY_ACTIVE_ARCH = YES;
				SDKROOT = iphoneos;
			};
			name = Debug;
		};
		ADD8238716CCA5A20000671B /* Release */ = {
			isa = XCBuildConfiguration;
			buildSettings = {
				ALWAYS_SEARCH_USER_PATHS = NO;
				CLANG_CXX_LANGUAGE_STANDARD = "gnu++0x";
				CLANG_CXX_LIBRARY = "libc++";
				CLANG_ENABLE_OBJC_ARC = YES;
				CLANG_WARN_CONSTANT_CONVERSION = YES;
				CLANG_WARN_EMPTY_BODY = YES;
				CLANG_WARN_ENUM_CONVERSION = YES;
				CLANG_WARN_INT_CONVERSION = YES;
				CLANG_WARN__DUPLICATE_METHOD_MATCH = YES;
				"CODE_SIGN_IDENTITY[sdk=iphoneos*]" = "iPhone Developer";
				COPY_PHASE_STRIP = YES;
				GCC_C_LANGUAGE_STANDARD = gnu99;
				GCC_WARN_ABOUT_RETURN_TYPE = YES;
				GCC_WARN_UNINITIALIZED_AUTOS = YES;
				GCC_WARN_UNUSED_VARIABLE = YES;
				IPHONEOS_DEPLOYMENT_TARGET = 6.1;
				OTHER_CFLAGS = "-DNS_BLOCK_ASSERTIONS=1";
				SDKROOT = iphoneos;
				VALIDATE_PRODUCT = YES;
			};
			name = Release;
		};
		ADD8238916CCA5A20000671B /* Debug */ = {
			isa = XCBuildConfiguration;
			buildSettings = {
				GCC_PRECOMPILE_PREFIX_HEADER = YES;
				GCC_PREFIX_HEADER = "Slide48/Slide48-Prefix.pch";
				INFOPLIST_FILE = "Slide48/Slide48-Info.plist";
				IPHONEOS_DEPLOYMENT_TARGET = 5.0;
				PRODUCT_NAME = "$(TARGET_NAME)";
				WRAPPER_EXTENSION = app;
			};
			name = Debug;
		};
		ADD8238A16CCA5A20000671B /* Release */ = {
			isa = XCBuildConfiguration;
			buildSettings = {
				GCC_PRECOMPILE_PREFIX_HEADER = YES;
				GCC_PREFIX_HEADER = "Slide48/Slide48-Prefix.pch";
				INFOPLIST_FILE = "Slide48/Slide48-Info.plist";
				IPHONEOS_DEPLOYMENT_TARGET = 5.0;
				PRODUCT_NAME = "$(TARGET_NAME)";
				WRAPPER_EXTENSION = app;
			};
			name = Release;
		};
/* End XCBuildConfiguration section */

/* Begin XCConfigurationList section */
		ADD8236016CCA5A10000671B /* Build configuration list for PBXProject "Slide48" */ = {
			isa = XCConfigurationList;
			buildConfigurations = (
				ADD8238616CCA5A20000671B /* Debug */,
				ADD8238716CCA5A20000671B /* Release */,
			);
			defaultConfigurationIsVisible = 0;
			defaultConfigurationName = Release;
		};
		ADD8238816CCA5A20000671B /* Build configuration list for PBXNativeTarget "Slide48" */ = {
			isa = XCConfigurationList;
			buildConfigurations = (
				ADD8238916CCA5A20000671B /* Debug */,
				ADD8238A16CCA5A20000671B /* Release */,
			);
			defaultConfigurationIsVisible = 0;
			defaultConfigurationName = Release;
		};
/* End XCConfigurationList section */
	};
	rootObject = ADD8235D16CCA5A10000671B /* Project object */;
}
